<?xml version="1.0" encoding="utf-8"?>
<Project ToolsVersion="4.0" xmlns="http://schemas.microsoft.com/developer/msbuild/2003">
  <ItemGroup>
    <ClCompile Include="..\src\NPP\StaticDialog.cpp">
      <Filter>_NPP Framework</Filter>
    </ClCompile>
    <ClCompile Include="..\src\PluginDefinition.cpp">
      <Filter>Base</Filter>
    </ClCompile>
    <ClCompile Include="..\src\VisualizerMain.cpp">
      <Filter>Base</Filter>
    </ClCompile>
    <ClCompile Include="..\src\Dialogs\AboutDialog.cpp">
      <Filter>Dialogs</Filter>
    </ClCompile>
    <ClCompile Include="..\src\Dialogs\VisualizerPanel.cpp">
      <Filter>Dialogs</Filter>
    </ClCompile>
    <ClCompile Include="..\src\ConfigIO.cpp">
      <Filter>Base</Filter>
    </ClCompile>
    <ClCompile Include="..\src\Dialogs\ConfigureDialog.cpp">
      <Filter>Dialogs</Filter>
    </ClCompile>
  </ItemGroup>
  <ItemGroup>
    <ClInclude Include="..\src\NPP\Docking.h">
      <Filter>_NPP Framework</Filter>
    </ClInclude>
    <ClInclude Include="..\src\NPP\DockingDlgInterface.h">
      <Filter>_NPP Framework</Filter>
    </ClInclude>
    <ClInclude Include="..\src\NPP\dockingResource.h">
      <Filter>_NPP Framework</Filter>
    </ClInclude>
    <ClInclude Include="..\src\NPP\menuCmdID.h">
      <Filter>_NPP Framework</Filter>
    </ClInclude>
    <ClInclude Include="..\src\NPP\Notepad_plus_msgs.h">
      <Filter>_NPP Framework</Filter>
    </ClInclude>
    <ClInclude Include="..\src\NPP\PluginInterface.h">
      <Filter>_NPP Framework</Filter>
    </ClInclude>
    <ClInclude Include="..\src\NPP\Scintilla.h">
      <Filter>_NPP Framework</Filter>
    </ClInclude>
    <ClInclude Include="..\src\NPP\StaticDialog.h">
      <Filter>_NPP Framework</Filter>
    </ClInclude>
    <ClInclude Include="..\src\NPP\Window.h">
      <Filter>_NPP Framework</Filter>
    </ClInclude>
    <ClInclude Include="..\src\PluginDefinition.h">
      <Filter>Base</Filter>
    </ClInclude>
    <ClInclude Include="..\src\Dialogs\AboutDialog.h">
      <Filter>Dialogs</Filter>
    </ClInclude>
    <ClInclude Include="..\src\Dialogs\VisualizerPanel.h">
      <Filter>Dialogs</Filter>
    </ClInclude>
    <ClInclude Include="..\src\Resources\resource.h">
      <Filter>Resources</Filter>
    </ClInclude>
    <ClInclude Include="..\src\Resources\localization.h">
      <Filter>Resources</Filter>
    </ClInclude>
    <ClInclude Include="..\src\ConfigIO.h">
      <Filter>Base</Filter>
    </ClInclude>
    <ClInclude Include="..\src\NPP\Sci_Position.h">
      <Filter>_NPP Framework</Filter>
    </ClInclude>
    <ClInclude Include="..\src\NPP\SciLexer.h">
      <Filter>_NPP Framework</Filter>
    </ClInclude>
    <ClInclude Include="..\src\Dialogs\ConfigureDialog.h">
      <Filter>Dialogs</Filter>
    </ClInclude>
  </ItemGroup>
  <ItemGroup>
    <ResourceCompile Include="..\src\Resources\VisualizerUI.rc">
      <Filter>Resources</Filter>
    </ResourceCompile>
    <ResourceCompile Include="..\src\Resources\VisualizerPlugin.rc">
      <Filter>Resources</Filter>
    </ResourceCompile>
  </ItemGroup>
  <ItemGroup>
    <Filter Include="_NPP Framework">
      <UniqueIdentifier>{9dcf597a-aaaa-473a-bc8f-1f8974d808a0}</UniqueIdentifier>
    </Filter>
    <Filter Include="Dialogs">
      <UniqueIdentifier>{dbea733e-689f-4748-af99-78abc50ff6e5}</UniqueIdentifier>
    </Filter>
    <Filter Include="Base">
      <UniqueIdentifier>{825cc4c9-f686-45c9-a883-afaf61df94e6}</UniqueIdentifier>
    </Filter>
    <Filter Include="Resources">
      <UniqueIdentifier>{dd30c9f9-fbbb-4bac-9914-ffbff288d148}</UniqueIdentifier>
    </Filter>
  </ItemGroup>
  <ItemGroup>
    <Image Include="..\src\Resources\gear.bmp">
      <Filter>Resources</Filter>
    </Image>
    <Image Include="gear.bmp" />
    <Image Include="gear.ico" />
    <Image Include="..\src\Resources\gear.ico" />
  </ItemGroup>
</Project>