
Microsoft Visual Studio Solution File, Format Version 12.00
# Visual Studio Version 17
VisualStudioVersion = 17.10.35027.167
MinimumVisualStudioVersion = 10.0.40219.1
Project("{8BC9CEB8-8B4A-11D0-8D11-00A0C91BC942}") = "FWDataViz", "FWDataViz.vcxproj", "{078A2F54-D542-483A-9DE1-DC33A4AB52FE}"
EndProject
Global
	GlobalSection(SolutionConfigurationPlatforms) = preSolution
		Debug|ARM64 = Debug|ARM64
		Debug|x64 = Debug|x64
		Debug|x86 = Debug|x86
		Release|ARM64 = Release|ARM64
		Release|x64 = Release|x64
		Release|x86 = Release|x86
	EndGlobalSection
	GlobalSection(ProjectConfigurationPlatforms) = postSolution
		{078A2F54-D542-483A-9DE1-DC33A4AB52FE}.Debug|ARM64.ActiveCfg = Debug|ARM64
		{078A2F54-D542-483A-9DE1-DC33A4AB52FE}.Debug|ARM64.Build.0 = Debug|ARM64
		{078A2F54-D542-483A-9DE1-DC33A4AB52FE}.Debug|x64.ActiveCfg = Debug|x64
		{078A2F54-D542-483A-9DE1-DC33A4AB52FE}.Debug|x64.Build.0 = Debug|x64
		{078A2F54-D542-483A-9DE1-DC33A4AB52FE}.Debug|x86.ActiveCfg = Debug|Win32
		{078A2F54-D542-483A-9DE1-DC33A4AB52FE}.Debug|x86.Build.0 = Debug|Win32
		{078A2F54-D542-483A-9DE1-DC33A4AB52FE}.Release|ARM64.ActiveCfg = Release|ARM64
		{078A2F54-D542-483A-9DE1-DC33A4AB52FE}.Release|ARM64.Build.0 = Release|ARM64
		{078A2F54-D542-483A-9DE1-DC33A4AB52FE}.Release|x64.ActiveCfg = Release|x64
		{078A2F54-D542-483A-9DE1-DC33A4AB52FE}.Release|x64.Build.0 = Release|x64
		{078A2F54-D542-483A-9DE1-DC33A4AB52FE}.Release|x86.ActiveCfg = Release|Win32
		{078A2F54-D542-483A-9DE1-DC33A4AB52FE}.Release|x86.Build.0 = Release|Win32
	EndGlobalSection
	GlobalSection(SolutionProperties) = preSolution
		HideSolutionNode = FALSE
	EndGlobalSection
	GlobalSection(ExtensibilityGlobals) = postSolution
		SolutionGuid = {5A50A633-81E2-480B-9916-DCDB255DFB50}
	EndGlobalSection
EndGlobal
