<?xml version="1.0" encoding="utf-8"?>
<Project ToolsVersion="4.0" xmlns="http://schemas.microsoft.com/developer/msbuild/2003">
  <ItemGroup>
    <ClCompile Include="..\src\NPP\StaticDialog.cpp">
      <Filter>_NPP Framework</Filter>
    </ClCompile>
    <ClCompile Include="..\src\PluginDefinition.cpp">
      <Filter>Base</Filter>
    </ClCompile>
    <ClCompile Include="..\src\VisualizerMain.cpp">
      <Filter>Base</Filter>
    </ClCompile>
    <ClCompile Include="..\src\Dialogs\AboutDialog.cpp">
      <Filter>Dialogs</Filter>
    </ClCompile>
    <ClCompile Include="..\src\Dialogs\VisualizerPanel.cpp">
      <Filter>Dialogs</Filter>
    </ClCompile>
    <ClCompile Include="..\src\ConfigIO.cpp">
      <Filter>Base</Filter>
    </ClCompile>
    <ClCompile Include="..\src\Dialogs\ConfigureDialog.cpp">
      <Filter>Dialogs</Filter>
    </ClCompile>
    <ClCompile Include="..\src\Utils.cpp">
      <Filter>Base</Filter>
    </ClCompile>
    <ClCompile Include="..\src\Dialogs\EximFileTypeDialog.cpp">
      <Filter>Dialogs</Filter>
    </ClCompile>
    <ClCompile Include="..\src\SubmenuManager.cpp">
      <Filter>Base</Filter>
    </ClCompile>
    <ClCompile Include="..\src\Dialogs\ThemeDialog.cpp">
      <Filter>Dialogs</Filter>
    </ClCompile>
    <ClCompile Include="..\src\Dialogs\JumpToField.cpp">
      <Filter>Dialogs</Filter>
    </ClCompile>
    <ClCompile Include="..\src\Dialogs\DataExtractDialog.cpp">
      <Filter>Dialogs</Filter>
    </ClCompile>
    <ClCompile Include="..\src\Dialogs\FieldTypeDialog.cpp">
      <Filter>Dialogs</Filter>
    </ClCompile>
    <ClCompile Include="..\src\Dialogs\StyleDefComponent.cpp">
      <Filter>Dialogs</Filter>
    </ClCompile>
    <ClCompile Include="..\src\Dialogs\PreferencesDialog.cpp">
      <Filter>Dialogs</Filter>
    </ClCompile>
    <ClCompile Include="..\src\Darkmode\DarkMode.cpp">
      <Filter>Darkmode</Filter>
    </ClCompile>
    <ClCompile Include="..\src\Darkmode\NPP_Plugin_Darkmode.cpp">
      <Filter>Darkmode</Filter>
    </ClCompile>
    <ClCompile Include="..\src\Darkmode\NppDarkMode.cpp">
      <Filter>Darkmode</Filter>
    </ClCompile>
  </ItemGroup>
  <ItemGroup>
    <ClInclude Include="..\src\NPP\Docking.h">
      <Filter>_NPP Framework</Filter>
    </ClInclude>
    <ClInclude Include="..\src\NPP\DockingDlgInterface.h">
      <Filter>_NPP Framework</Filter>
    </ClInclude>
    <ClInclude Include="..\src\NPP\dockingResource.h">
      <Filter>_NPP Framework</Filter>
    </ClInclude>
    <ClInclude Include="..\src\NPP\menuCmdID.h">
      <Filter>_NPP Framework</Filter>
    </ClInclude>
    <ClInclude Include="..\src\NPP\Notepad_plus_msgs.h">
      <Filter>_NPP Framework</Filter>
    </ClInclude>
    <ClInclude Include="..\src\NPP\PluginInterface.h">
      <Filter>_NPP Framework</Filter>
    </ClInclude>
    <ClInclude Include="..\src\NPP\Scintilla.h">
      <Filter>_NPP Framework</Filter>
    </ClInclude>
    <ClInclude Include="..\src\NPP\StaticDialog.h">
      <Filter>_NPP Framework</Filter>
    </ClInclude>
    <ClInclude Include="..\src\NPP\Window.h">
      <Filter>_NPP Framework</Filter>
    </ClInclude>
    <ClInclude Include="..\src\PluginDefinition.h">
      <Filter>Base</Filter>
    </ClInclude>
    <ClInclude Include="..\src\Dialogs\AboutDialog.h">
      <Filter>Dialogs</Filter>
    </ClInclude>
    <ClInclude Include="..\src\Dialogs\VisualizerPanel.h">
      <Filter>Dialogs</Filter>
    </ClInclude>
    <ClInclude Include="..\src\Resources\resource.h">
      <Filter>Resources</Filter>
    </ClInclude>
    <ClInclude Include="..\src\Resources\localization.h">
      <Filter>Resources</Filter>
    </ClInclude>
    <ClInclude Include="..\src\ConfigIO.h">
      <Filter>Base</Filter>
    </ClInclude>
    <ClInclude Include="..\src\NPP\Sci_Position.h">
      <Filter>_NPP Framework</Filter>
    </ClInclude>
    <ClInclude Include="..\src\Dialogs\ConfigureDialog.h">
      <Filter>Dialogs</Filter>
    </ClInclude>
    <ClInclude Include="..\src\Utils.h">
      <Filter>Base</Filter>
    </ClInclude>
    <ClInclude Include="..\src\Dialogs\EximFileTypeDialog.h">
      <Filter>Dialogs</Filter>
    </ClInclude>
    <ClInclude Include="..\src\Resources\SamplesMenuDefs.h">
      <Filter>Resources</Filter>
    </ClInclude>
    <ClInclude Include="..\src\SubmenuManager.h">
      <Filter>Base</Filter>
    </ClInclude>
    <ClInclude Include="..\src\Dialogs\ThemeDialog.h">
      <Filter>Dialogs</Filter>
    </ClInclude>
    <ClInclude Include="..\src\Dialogs\JumpToField.h">
      <Filter>Dialogs</Filter>
    </ClInclude>
    <ClInclude Include="..\src\Dialogs\DataExtractDialog.h">
      <Filter>Dialogs</Filter>
    </ClInclude>
    <ClInclude Include="..\src\Dialogs\FieldTypeDialog.h">
      <Filter>Dialogs</Filter>
    </ClInclude>
    <ClInclude Include="..\src\Dialogs\StyleDefComponent.h">
      <Filter>Dialogs</Filter>
    </ClInclude>
    <ClInclude Include="..\src\Dialogs\PreferencesDialog.h">
      <Filter>Dialogs</Filter>
    </ClInclude>
    <ClInclude Include="..\src\Darkmode\DarkMode.h">
      <Filter>Darkmode</Filter>
    </ClInclude>
    <ClInclude Include="..\src\Darkmode\IatHook.h">
      <Filter>Darkmode</Filter>
    </ClInclude>
    <ClInclude Include="..\src\Darkmode\NPP_Plugin_Darkmode.h">
      <Filter>Darkmode</Filter>
    </ClInclude>
    <ClInclude Include="..\src\Darkmode\NppDarkMode.h">
      <Filter>Darkmode</Filter>
    </ClInclude>
    <ClInclude Include="..\src\Resources\control_ids.h">
      <Filter>Resources</Filter>
    </ClInclude>
  </ItemGroup>
  <ItemGroup>
    <ResourceCompile Include="..\src\Resources\VisualizerUI.rc">
      <Filter>Resources</Filter>
    </ResourceCompile>
    <ResourceCompile Include="..\src\Resources\VisualizerPlugin.rc">
      <Filter>Resources</Filter>
    </ResourceCompile>
    <ResourceCompile Include="..\src\Resources\AboutUI.rc">
      <Filter>Resources</Filter>
    </ResourceCompile>
  </ItemGroup>
  <ItemGroup>
    <Filter Include="_NPP Framework">
      <UniqueIdentifier>{9dcf597a-aaaa-473a-bc8f-1f8974d808a0}</UniqueIdentifier>
    </Filter>
    <Filter Include="Dialogs">
      <UniqueIdentifier>{dbea733e-689f-4748-af99-78abc50ff6e5}</UniqueIdentifier>
    </Filter>
    <Filter Include="Base">
      <UniqueIdentifier>{825cc4c9-f686-45c9-a883-afaf61df94e6}</UniqueIdentifier>
    </Filter>
    <Filter Include="Resources">
      <UniqueIdentifier>{dd30c9f9-fbbb-4bac-9914-ffbff288d148}</UniqueIdentifier>
    </Filter>
    <Filter Include="Resources\Sample Data Files">
      <UniqueIdentifier>{7228c43a-d7b8-47a5-ad20-d9ecc6fcb699}</UniqueIdentifier>
    </Filter>
    <Filter Include="Resources\Default Config Files">
      <UniqueIdentifier>{4a1adc1a-c6ba-46d8-955d-7d51864e12ab}</UniqueIdentifier>
    </Filter>
    <Filter Include="Resources\Bitmaps">
      <UniqueIdentifier>{067827ee-8c8c-483b-9a48-3986e0244ea1}</UniqueIdentifier>
    </Filter>
    <Filter Include="Resources\Icons">
      <UniqueIdentifier>{8fe69672-5428-4dcc-b70a-68725733d6e6}</UniqueIdentifier>
    </Filter>
    <Filter Include="Darkmode">
      <UniqueIdentifier>{e47f53f9-026e-4be4-b8ff-a2cf8b65c135}</UniqueIdentifier>
    </Filter>
  </ItemGroup>
  <ItemGroup>
    <Image Include="..\src\Resources\color_config.bmp">
      <Filter>Resources\Bitmaps</Filter>
    </Image>
    <Image Include="..\src\Resources\down.bmp">
      <Filter>Resources\Bitmaps</Filter>
    </Image>
    <Image Include="..\src\Resources\fields.bmp">
      <Filter>Resources\Bitmaps</Filter>
    </Image>
    <Image Include="..\src\Resources\file_config.bmp">
      <Filter>Resources\Bitmaps</Filter>
    </Image>
    <Image Include="..\src\Resources\file_samples.bmp">
      <Filter>Resources\Bitmaps</Filter>
    </Image>
    <Image Include="..\src\Resources\up.bmp">
      <Filter>Resources\Bitmaps</Filter>
    </Image>
    <Image Include="..\src\Resources\information.bmp">
      <Filter>Resources\Bitmaps</Filter>
    </Image>
    <Image Include="..\src\Resources\fields.ico">
      <Filter>Resources\Icons</Filter>
    </Image>
    <Image Include="..\src\Resources\fields_fluent.ico">
      <Filter>Resources\Icons</Filter>
    </Image>
    <Image Include="..\src\Resources\fields_dark.ico">
      <Filter>Resources\Icons</Filter>
    </Image>
    <Image Include="..\src\Resources\minus.bmp">
      <Filter>Resources\Bitmaps</Filter>
    </Image>
    <Image Include="..\src\Resources\plus.bmp">
      <Filter>Resources\Bitmaps</Filter>
    </Image>
    <Image Include="..\src\Resources\page_add.bmp">
      <Filter>Resources\Bitmaps</Filter>
    </Image>
    <Image Include="..\src\Resources\page_del.bmp">
      <Filter>Resources\Bitmaps</Filter>
    </Image>
    <Image Include="..\src\Resources\page_next.bmp">
      <Filter>Resources\Bitmaps</Filter>
    </Image>
    <Image Include="..\src\Resources\page_prev.bmp">
      <Filter>Resources\Bitmaps</Filter>
    </Image>
  </ItemGroup>
  <ItemGroup>
    <None Include="..\src\Resources\Sample Data Files\AYM00089664.dly">
      <Filter>Resources\Sample Data Files</Filter>
    </None>
    <None Include="..\src\Resources\Default Ini Files\default_Preferences.ini">
      <Filter>Resources\Default Config Files</Filter>
    </None>
    <None Include="..\src\Resources\Default Ini Files\default_Visualizer.ini">
      <Filter>Resources\Default Config Files</Filter>
    </None>
    <None Include="..\src\Resources\Default Ini Files\default_Themes.ini">
      <Filter>Resources\Default Config Files</Filter>
    </None>
  </ItemGroup>
  <ItemGroup>
    <Text Include="..\src\Resources\Sample Data Files\ghcnd-stations.txt">
      <Filter>Resources\Sample Data Files</Filter>
    </Text>
    <Text Include="..\src\Resources\Sample Data Files\icd10cm_codes_2021.txt">
      <Filter>Resources\Sample Data Files</Filter>
    </Text>
    <Text Include="..\src\Resources\Sample Data Files\icd10cm_order_2021.txt">
      <Filter>Resources\Sample Data Files</Filter>
    </Text>
    <Text Include="..\src\Resources\Sample Data Files\icd10pcs_codes_2021.txt">
      <Filter>Resources\Sample Data Files</Filter>
    </Text>
    <Text Include="..\src\Resources\Sample Data Files\MultiGSN.txt">
      <Filter>Resources\Sample Data Files</Filter>
    </Text>
    <Text Include="..\src\Resources\Sample Data Files\MultiLineGSN.txt">
      <Filter>Resources\Sample Data Files</Filter>
    </Text>
    <Text Include="..\src\Resources\Sample Data Files\IPAC_ANSI.txt">
      <Filter>Resources\Sample Data Files</Filter>
    </Text>
    <Text Include="..\src\Resources\Sample Data Files\IPAC_Unicode.txt">
      <Filter>Resources\Sample Data Files</Filter>
    </Text>
  </ItemGroup>
</Project>